
Microsoft Visual Studio Solution File, Format Version 11.00
# Visual Studio 2010
Project("{FAE04EC0-301F-11D3-BF4B-00C04F79EFBC}") = "ExpressionComparer", "src\ExpressionComparer\ExpressionComparer.csproj", "{5A68A231-D323-434E-B78F-9F0CD6525FBE}"
EndProject
Project("{FAE04EC0-301F-11D3-BF4B-00C04F79EFBC}") = "ExpressionComparer.Tests", "src\ExpressionComparer.Tests\ExpressionComparer.Tests.csproj", "{5B149FE0-38A2-4314-A4EE-E69DEE2943BA}"
EndProject
Global
	GlobalSection(SolutionConfigurationPlatforms) = preSolution
		Debug|Any CPU = Debug|Any CPU
		Release|Any CPU = Release|Any CPU
	EndGlobalSection
	GlobalSection(ProjectConfigurationPlatforms) = postSolution
		{5A68A231-D323-434E-B78F-9F0CD6525FBE}.Debug|Any CPU.ActiveCfg = Debug|Any CPU
		{5A68A231-D323-434E-B78F-9F0CD6525FBE}.Debug|Any CPU.Build.0 = Debug|Any CPU
		{5A68A231-D323-434E-B78F-9F0CD6525FBE}.Release|Any CPU.ActiveCfg = Release|Any CPU
		{5A68A231-D323-434E-B78F-9F0CD6525FBE}.Release|Any CPU.Build.0 = Release|Any CPU
		{5B149FE0-38A2-4314-A4EE-E69DEE2943BA}.Debug|Any CPU.ActiveCfg = Debug|Any CPU
		{5B149FE0-38A2-4314-A4EE-E69DEE2943BA}.Debug|Any CPU.Build.0 = Debug|Any CPU
		{5B149FE0-38A2-4314-A4EE-E69DEE2943BA}.Release|Any CPU.ActiveCfg = Release|Any CPU
		{5B149FE0-38A2-4314-A4EE-E69DEE2943BA}.Release|Any CPU.Build.0 = Release|Any CPU
	EndGlobalSection
	GlobalSection(SolutionProperties) = preSolution
		HideSolutionNode = FALSE
	EndGlobalSection
EndGlobal
